// !$*UTF8*$!
{
	archiveVersion = 1;
	classes = {
	};
	objectVersion = 56;
	objects = {

/* Begin PBXBuildFile section */
		7C6649CD2A04881100D22A9F /* AppDelegate.swift in Sources */ = {isa = PBXBuildFile; fileRef = 7C6649CC2A04881100D22A9F /* AppDelegate.swift */; };
		7C6649CF2A04881100D22A9F /* SceneDelegate.swift in Sources */ = {isa = PBXBuildFile; fileRef = 7C6649CE2A04881100D22A9F /* SceneDelegate.swift */; };
		7C6649D12A04881100D22A9F /* ViewController.swift in Sources */ = {isa = PBXBuildFile; fileRef = 7C6649D02A04881100D22A9F /* ViewController.swift */; };
		7C6649D42A04881100D22A9F /* Main.storyboard in Resources */ = {isa = PBXBuildFile; fileRef = 7C6649D22A04881100D22A9F /* Main.storyboard */; };
		7C6649D72A04881100D22A9F /* Assignment3.xcdatamodeld in Sources */ = {isa = PBXBuildFile; fileRef = 7C6649D52A04881100D22A9F /* Assignment3.xcdatamodeld */; };
		7C6649D92A04881200D22A9F /* Assets.xcassets in Resources */ = {isa = PBXBuildFile; fileRef = 7C6649D82A04881200D22A9F /* Assets.xcassets */; };
		7C6649DC2A04881200D22A9F /* LaunchScreen.storyboard in Resources */ = {isa = PBXBuildFile; fileRef = 7C6649DA2A04881200D22A9F /* LaunchScreen.storyboard */; };
		7C6649E72A04881200D22A9F /* Assignment3Tests.swift in Sources */ = {isa = PBXBuildFile; fileRef = 7C6649E62A04881200D22A9F /* Assignment3Tests.swift */; };
		7C6649F12A04881200D22A9F /* Assignment3UITests.swift in Sources */ = {isa = PBXBuildFile; fileRef = 7C6649F02A04881200D22A9F /* Assignment3UITests.swift */; };
		7C6649F32A04881200D22A9F /* Assignment3UITestsLaunchTests.swift in Sources */ = {isa = PBXBuildFile; fileRef = 7C6649F22A04881200D22A9F /* Assignment3UITestsLaunchTests.swift */; };
/* End PBXBuildFile section */

/* Begin PBXContainerItemProxy section */
		7C6649E32A04881200D22A9F /* PBXContainerItemProxy */ = {
			isa = PBXContainerItemProxy;
			containerPortal = 7C6649C12A04881100D22A9F /* Project object */;
			proxyType = 1;
			remoteGlobalIDString = 7C6649C82A04881100D22A9F;
			remoteInfo = Assignment3;
		};
		7C6649ED2A04881200D22A9F /* PBXContainerItemProxy */ = {
			isa = PBXContainerItemProxy;
			containerPortal = 7C6649C12A04881100D22A9F /* Project object */;
			proxyType = 1;
			remoteGlobalIDString = 7C6649C82A04881100D22A9F;
			remoteInfo = Assignment3;
		};
/* End PBXContainerItemProxy section */

/* Begin PBXFileReference section */
		7C6649C92A04881100D22A9F /* Assignment3.app */ = {isa = PBXFileReference; explicitFileType = wrapper.application; includeInIndex = 0; path = Assignment3.app; sourceTree = BUILT_PRODUCTS_DIR; };
		7C6649CC2A04881100D22A9F /* AppDelegate.swift */ = {isa = PBXFileReference; lastKnownFileType = sourcecode.swift; path = AppDelegate.swift; sourceTree = "<group>"; };
		7C6649CE2A04881100D22A9F /* SceneDelegate.swift */ = {isa = PBXFileReference; lastKnownFileType = sourcecode.swift; path = SceneDelegate.swift; sourceTree = "<group>"; };
		7C6649D02A04881100D22A9F /* ViewController.swift */ = {isa = PBXFileReference; lastKnownFileType = sourcecode.swift; path = ViewController.swift; sourceTree = "<group>"; };
		7C6649D32A04881100D22A9F /* Base */ = {isa = PBXFileReference; lastKnownFileType = file.storyboard; name = Base; path = Base.lproj/Main.storyboard; sourceTree = "<group>"; };
		7C6649D62A04881100D22A9F /* Assignment3.xcdatamodel */ = {isa = PBXFileReference; lastKnownFileType = wrapper.xcdatamodel; path = Assignment3.xcdatamodel; sourceTree = "<group>"; };
		7C6649D82A04881200D22A9F /* Assets.xcassets */ = {isa = PBXFileReference; lastKnownFileType = folder.assetcatalog; path = Assets.xcassets; sourceTree = "<group>"; };
		7C6649DB2A04881200D22A9F /* Base */ = {isa = PBXFileReference; lastKnownFileType = file.storyboard; name = Base; path = Base.lproj/LaunchScreen.storyboard; sourceTree = "<group>"; };
		7C6649DD2A04881200D22A9F /* Info.plist */ = {isa = PBXFileReference; lastKnownFileType = text.plist.xml; path = Info.plist; sourceTree = "<group>"; };
		7C6649E22A04881200D22A9F /* Assignment3Tests.xctest */ = {isa = PBXFileReference; explicitFileType = wrapper.cfbundle; includeInIndex = 0; path = Assignment3Tests.xctest; sourceTree = BUILT_PRODUCTS_DIR; };
		7C6649E62A04881200D22A9F /* Assignment3Tests.swift */ = {isa = PBXFileReference; lastKnownFileType = sourcecode.swift; path = Assignment3Tests.swift; sourceTree = "<group>"; };
		7C6649EC2A04881200D22A9F /* Assignment3UITests.xctest */ = {isa = PBXFileReference; explicitFileType = wrapper.cfbundle; includeInIndex = 0; path = Assignment3UITests.xctest; sourceTree = BUILT_PRODUCTS_DIR; };
		7C6649F02A04881200D22A9F /* Assignment3UITests.swift */ = {isa = PBXFileReference; lastKnownFileType = sourcecode.swift; path = Assignment3UITests.swift; sourceTree = "<group>"; };
		7C6649F22A04881200D22A9F /* Assignment3UITestsLaunchTests.swift */ = {isa = PBXFileReference; lastKnownFileType = sourcecode.swift; path = Assignment3UITestsLaunchTests.swift; sourceTree = "<group>"; };
/* End PBXFileReference section */

/* Begin PBXFrameworksBuildPhase section */
		7C6649C62A04881100D22A9F /* Frameworks */ = {
			isa = PBXFrameworksBuildPhase;
			buildActionMask = 2147483647;
			files = (
			);
			runOnlyForDeploymentPostprocessing = 0;
		};
		7C6649DF2A04881200D22A9F /* Frameworks */ = {
			isa = PBXFrameworksBuildPhase;
			buildActionMask = 2147483647;
			files = (
			);
			runOnlyForDeploymentPostprocessing = 0;
		};
		7C6649E92A04881200D22A9F /* Frameworks */ = {
			isa = PBXFrameworksBuildPhase;
			buildActionMask = 2147483647;
			files = (
			);
			runOnlyForDeploymentPostprocessing = 0;
		};
/* End PBXFrameworksBuildPhase section */

/* Begin PBXGroup section */
		7C6649C02A04881100D22A9F = {
			isa = PBXGroup;
			children = (
				7C6649CB2A04881100D22A9F /* Assignment3 */,
				7C6649E52A04881200D22A9F /* Assignment3Tests */,
				7C6649EF2A04881200D22A9F /* Assignment3UITests */,
				7C6649CA2A04881100D22A9F /* Products */,
			);
			sourceTree = "<group>";
		};
		7C6649CA2A04881100D22A9F /* Products */ = {
			isa = PBXGroup;
			children = (
				7C6649C92A04881100D22A9F /* Assignment3.app */,
				7C6649E22A04881200D22A9F /* Assignment3Tests.xctest */,
				7C6649EC2A04881200D22A9F /* Assignment3UITests.xctest */,
			);
			name = Products;
			sourceTree = "<group>";
		};
		7C6649CB2A04881100D22A9F /* Assignment3 */ = {
			isa = PBXGroup;
			children = (
				7C6649CC2A04881100D22A9F /* AppDelegate.swift */,
				7C6649CE2A04881100D22A9F /* SceneDelegate.swift */,
				7C6649D02A04881100D22A9F /* ViewController.swift */,
				7C6649D22A04881100D22A9F /* Main.storyboard */,
				7C6649D82A04881200D22A9F /* Assets.xcassets */,
				7C6649DA2A04881200D22A9F /* LaunchScreen.storyboard */,
				7C6649DD2A04881200D22A9F /* Info.plist */,
				7C6649D52A04881100D22A9F /* Assignment3.xcdatamodeld */,
			);
			path = Assignment3;
			sourceTree = "<group>";
		};
		7C6649E52A04881200D22A9F /* Assignment3Tests */ = {
			isa = PBXGroup;
			children = (
				7C6649E62A04881200D22A9F /* Assignment3Tests.swift */,
			);
			path = Assignment3Tests;
			sourceTree = "<group>";
		};
		7C6649EF2A04881200D22A9F /* Assignment3UITests */ = {
			isa = PBXGroup;
			children = (
				7C6649F02A04881200D22A9F /* Assignment3UITests.swift */,
				7C6649F22A04881200D22A9F /* Assignment3UITestsLaunchTests.swift */,
			);
			path = Assignment3UITests;
			sourceTree = "<group>";
		};
/* End PBXGroup section */

/* Begin PBXNativeTarget section */
		7C6649C82A04881100D22A9F /* Assignment3 */ = {
			isa = PBXNativeTarget;
			buildConfigurationList = 7C6649F62A04881200D22A9F /* Build configuration list for PBXNativeTarget "Assignment3" */;
			buildPhases = (
				7C6649C52A04881100D22A9F /* Sources */,
				7C6649C62A04881100D22A9F /* Frameworks */,
				7C6649C72A04881100D22A9F /* Resources */,
			);
			buildRules = (
			);
			dependencies = (
			);
			name = Assignment3;
			productName = Assignment3;
			productReference = 7C6649C92A04881100D22A9F /* Assignment3.app */;
			productType = "com.apple.product-type.application";
		};
		7C6649E12A04881200D22A9F /* Assignment3Tests */ = {
			isa = PBXNativeTarget;
			buildConfigurationList = 7C6649F92A04881200D22A9F /* Build configuration list for PBXNativeTarget "Assignment3Tests" */;
			buildPhases = (
				7C6649DE2A04881200D22A9F /* Sources */,
				7C6649DF2A04881200D22A9F /* Frameworks */,
				7C6649E02A04881200D22A9F /* Resources */,
			);
			buildRules = (
			);
			dependencies = (
				7C6649E42A04881200D22A9F /* PBXTargetDependency */,
			);
			name = Assignment3Tests;
			productName = Assignment3Tests;
			productReference = 7C6649E22A04881200D22A9F /* Assignment3Tests.xctest */;
			productType = "com.apple.product-type.bundle.unit-test";
		};
		7C6649EB2A04881200D22A9F /* Assignment3UITests */ = {
			isa = PBXNativeTarget;
			buildConfigurationList = 7C6649FC2A04881200D22A9F /* Build configuration list for PBXNativeTarget "Assignment3UITests" */;
			buildPhases = (
				7C6649E82A04881200D22A9F /* Sources */,
				7C6649E92A04881200D22A9F /* Frameworks */,
				7C6649EA2A04881200D22A9F /* Resources */,
			);
			buildRules = (
			);
			dependencies = (
				7C6649EE2A04881200D22A9F /* PBXTargetDependency */,
			);
			name = Assignment3UITests;
			productName = Assignment3UITests;
			productReference = 7C6649EC2A04881200D22A9F /* Assignment3UITests.xctest */;
			productType = "com.apple.product-type.bundle.ui-testing";
		};
/* End PBXNativeTarget section */

/* Begin PBXProject section */
		7C6649C12A04881100D22A9F /* Project object */ = {
			isa = PBXProject;
			attributes = {
				BuildIndependentTargetsInParallel = 1;
				LastSwiftUpdateCheck = 1430;
				LastUpgradeCheck = 1430;
				TargetAttributes = {
					7C6649C82A04881100D22A9F = {
						CreatedOnToolsVersion = 14.3;
					};
					7C6649E12A04881200D22A9F = {
						CreatedOnToolsVersion = 14.3;
						TestTargetID = 7C6649C82A04881100D22A9F;
					};
					7C6649EB2A04881200D22A9F = {
						CreatedOnToolsVersion = 14.3;
						TestTargetID = 7C6649C82A04881100D22A9F;
					};
				};
			};
			buildConfigurationList = 7C6649C42A04881100D22A9F /* Build configuration list for PBXProject "Assignment3" */;
			compatibilityVersion = "Xcode 14.0";
			developmentRegion = en;
			hasScannedForEncodings = 0;
			knownRegions = (
				en,
				Base,
			);
			mainGroup = 7C6649C02A04881100D22A9F;
			productRefGroup = 7C6649CA2A04881100D22A9F /* Products */;
			projectDirPath = "";
			projectRoot = "";
			targets = (
				7C6649C82A04881100D22A9F /* Assignment3 */,
				7C6649E12A04881200D22A9F /* Assignment3Tests */,
				7C6649EB2A04881200D22A9F /* Assignment3UITests */,
			);
		};
/* End PBXProject section */

/* Begin PBXResourcesBuildPhase section */
		7C6649C72A04881100D22A9F /* Resources */ = {
			isa = PBXResourcesBuildPhase;
			buildActionMask = 2147483647;
			files = (
				7C6649DC2A04881200D22A9F /* LaunchScreen.storyboard in Resources */,
				7C6649D92A04881200D22A9F /* Assets.xcassets in Resources */,
				7C6649D42A04881100D22A9F /* Main.storyboard in Resources */,
			);
			runOnlyForDeploymentPostprocessing = 0;
		};
		7C6649E02A04881200D22A9F /* Resources */ = {
			isa = PBXResourcesBuildPhase;
			buildActionMask = 2147483647;
			files = (
			);
			runOnlyForDeploymentPostprocessing = 0;
		};
		7C6649EA2A04881200D22A9F /* Resources */ = {
			isa = PBXResourcesBuildPhase;
			buildActionMask = 2147483647;
			files = (
			);
			runOnlyForDeploymentPostprocessing = 0;
		};
/* End PBXResourcesBuildPhase section */

/* Begin PBXSourcesBuildPhase section */
		7C6649C52A04881100D22A9F /* Sources */ = {
			isa = PBXSourcesBuildPhase;
			buildActionMask = 2147483647;
			files = (
				7C6649D72A04881100D22A9F /* Assignment3.xcdatamodeld in Sources */,
				7C6649D12A04881100D22A9F /* ViewController.swift in Sources */,
				7C6649CD2A04881100D22A9F /* AppDelegate.swift in Sources */,
				7C6649CF2A04881100D22A9F /* SceneDelegate.swift in Sources */,
			);
			runOnlyForDeploymentPostprocessing = 0;
		};
		7C6649DE2A04881200D22A9F /* Sources */ = {
			isa = PBXSourcesBuildPhase;
			buildActionMask = 2147483647;
			files = (
				7C6649E72A04881200D22A9F /* Assignment3Tests.swift in Sources */,
			);
			runOnlyForDeploymentPostprocessing = 0;
		};
		7C6649E82A04881200D22A9F /* Sources */ = {
			isa = PBXSourcesBuildPhase;
			buildActionMask = 2147483647;
			files = (
				7C6649F12A04881200D22A9F /* Assignment3UITests.swift in Sources */,
				7C6649F32A04881200D22A9F /* Assignment3UITestsLaunchTests.swift in Sources */,
			);
			runOnlyForDeploymentPostprocessing = 0;
		};
/* End PBXSourcesBuildPhase section */

/* Begin PBXTargetDependency section */
		7C6649E42A04881200D22A9F /* PBXTargetDependency */ = {
			isa = PBXTargetDependency;
			target = 7C6649C82A04881100D22A9F /* Assignment3 */;
			targetProxy = 7C6649E32A04881200D22A9F /* PBXContainerItemProxy */;
		};
		7C6649EE2A04881200D22A9F /* PBXTargetDependency */ = {
			isa = PBXTargetDependency;
			target = 7C6649C82A04881100D22A9F /* Assignment3 */;
			targetProxy = 7C6649ED2A04881200D22A9F /* PBXContainerItemProxy */;
		};
/* End PBXTargetDependency section */

/* Begin PBXVariantGroup section */
		7C6649D22A04881100D22A9F /* Main.storyboard */ = {
			isa = PBXVariantGroup;
			children = (
				7C6649D32A04881100D22A9F /* Base */,
			);
			name = Main.storyboard;
			sourceTree = "<group>";
		};
		7C6649DA2A04881200D22A9F /* LaunchScreen.storyboard */ = {
			isa = PBXVariantGroup;
			children = (
				7C6649DB2A04881200D22A9F /* Base */,
			);
			name = LaunchScreen.storyboard;
			sourceTree = "<group>";
		};
/* End PBXVariantGroup section */

/* Begin XCBuildConfiguration section */
		7C6649F42A04881200D22A9F /* Debug */ = {
			isa = XCBuildConfiguration;
			buildSettings = {
				ALWAYS_SEARCH_USER_PATHS = NO;
				CLANG_ANALYZER_NONNULL = YES;
				CLANG_ANALYZER_NUMBER_OBJECT_CONVERSION = YES_AGGRESSIVE;
				CLANG_CXX_LANGUAGE_STANDARD = "gnu++20";
				CLANG_ENABLE_MODULES = YES;
				CLANG_ENABLE_OBJC_ARC = YES;
				CLANG_ENABLE_OBJC_WEAK = YES;
				CLANG_WARN_BLOCK_CAPTURE_AUTORELEASING = YES;
				CLANG_WARN_BOOL_CONVERSION = YES;
				CLANG_WARN_COMMA = YES;
				CLANG_WARN_CONSTANT_CONVERSION = YES;
				CLANG_WARN_DEPRECATED_OBJC_IMPLEMENTATIONS = YES;
				CLANG_WARN_DIRECT_OBJC_ISA_USAGE = YES_ERROR;
				CLANG_WARN_DOCUMENTATION_COMMENTS = YES;
				CLANG_WARN_EMPTY_BODY = YES;
				CLANG_WARN_ENUM_CONVERSION = YES;
				CLANG_WARN_INFINITE_RECURSION = YES;
				CLANG_WARN_INT_CONVERSION = YES;
				CLANG_WARN_NON_LITERAL_NULL_CONVERSION = YES;
				CLANG_WARN_OBJC_IMPLICIT_RETAIN_SELF = YES;
				CLANG_WARN_OBJC_LITERAL_CONVERSION = YES;
				CLANG_WARN_OBJC_ROOT_CLASS = YES_ERROR;
				CLANG_WARN_QUOTED_INCLUDE_IN_FRAMEWORK_HEADER = YES;
				CLANG_WARN_RANGE_LOOP_ANALYSIS = YES;
				CLANG_WARN_STRICT_PROTOTYPES = YES;
				CLANG_WARN_SUSPICIOUS_MOVE = YES;
				CLANG_WARN_UNGUARDED_AVAILABILITY = YES_AGGRESSIVE;
				CLANG_WARN_UNREACHABLE_CODE = YES;
				CLANG_WARN__DUPLICATE_METHOD_MATCH = YES;
				COPY_PHASE_STRIP = NO;
				DEBUG_INFORMATION_FORMAT = dwarf;
				ENABLE_STRICT_OBJC_MSGSEND = YES;
				ENABLE_TESTABILITY = YES;
				GCC_C_LANGUAGE_STANDARD = gnu11;
				GCC_DYNAMIC_NO_PIC = NO;
				GCC_NO_COMMON_BLOCKS = YES;
				GCC_OPTIMIZATION_LEVEL = 0;
				GCC_PREPROCESSOR_DEFINITIONS = (
					"DEBUG=1",
					"$(inherited)",
				);
				GCC_WARN_64_TO_32_BIT_CONVERSION = YES;
				GCC_WARN_ABOUT_RETURN_TYPE = YES_ERROR;
				GCC_WARN_UNDECLARED_SELECTOR = YES;
				GCC_WARN_UNINITIALIZED_AUTOS = YES_AGGRESSIVE;
				GCC_WARN_UNUSED_FUNCTION = YES;
				GCC_WARN_UNUSED_VARIABLE = YES;
				IPHONEOS_DEPLOYMENT_TARGET = 16.4;
				MTL_ENABLE_DEBUG_INFO = INCLUDE_SOURCE;
				MTL_FAST_MATH = YES;
				ONLY_ACTIVE_ARCH = YES;
				SDKROOT = iphoneos;
				SWIFT_ACTIVE_COMPILATION_CONDITIONS = DEBUG;
				SWIFT_OPTIMIZATION_LEVEL = "-Onone";
			};
			name = Debug;
		};
		7C6649F52A04881200D22A9F /* Release */ = {
			isa = XCBuildConfiguration;
			buildSettings = {
				ALWAYS_SEARCH_USER_PATHS = NO;
				CLANG_ANALYZER_NONNULL = YES;
				CLANG_ANALYZER_NUMBER_OBJECT_CONVERSION = YES_AGGRESSIVE;
				CLANG_CXX_LANGUAGE_STANDARD = "gnu++20";
				CLANG_ENABLE_MODULES = YES;
				CLANG_ENABLE_OBJC_ARC = YES;
				CLANG_ENABLE_OBJC_WEAK = YES;
				CLANG_WARN_BLOCK_CAPTURE_AUTORELEASING = YES;
				CLANG_WARN_BOOL_CONVERSION = YES;
				CLANG_WARN_COMMA = YES;
				CLANG_WARN_CONSTANT_CONVERSION = YES;
				CLANG_WARN_DEPRECATED_OBJC_IMPLEMENTATIONS = YES;
				CLANG_WARN_DIRECT_OBJC_ISA_USAGE = YES_ERROR;
				CLANG_WARN_DOCUMENTATION_COMMENTS = YES;
				CLANG_WARN_EMPTY_BODY = YES;
				CLANG_WARN_ENUM_CONVERSION = YES;
				CLANG_WARN_INFINITE_RECURSION = YES;
				CLANG_WARN_INT_CONVERSION = YES;
				CLANG_WARN_NON_LITERAL_NULL_CONVERSION = YES;
				CLANG_WARN_OBJC_IMPLICIT_RETAIN_SELF = YES;
				CLANG_WARN_OBJC_LITERAL_CONVERSION = YES;
				CLANG_WARN_OBJC_ROOT_CLASS = YES_ERROR;
				CLANG_WARN_QUOTED_INCLUDE_IN_FRAMEWORK_HEADER = YES;
				CLANG_WARN_RANGE_LOOP_ANALYSIS = YES;
				CLANG_WARN_STRICT_PROTOTYPES = YES;
				CLANG_WARN_SUSPICIOUS_MOVE = YES;
				CLANG_WARN_UNGUARDED_AVAILABILITY = YES_AGGRESSIVE;
				CLANG_WARN_UNREACHABLE_CODE = YES;
				CLANG_WARN__DUPLICATE_METHOD_MATCH = YES;
				COPY_PHASE_STRIP = NO;
				DEBUG_INFORMATION_FORMAT = "dwarf-with-dsym";
				ENABLE_NS_ASSERTIONS = NO;
				ENABLE_STRICT_OBJC_MSGSEND = YES;
				GCC_C_LANGUAGE_STANDARD = gnu11;
				GCC_NO_COMMON_BLOCKS = YES;
				GCC_WARN_64_TO_32_BIT_CONVERSION = YES;
				GCC_WARN_ABOUT_RETURN_TYPE = YES_ERROR;
				GCC_WARN_UNDECLARED_SELECTOR = YES;
				GCC_WARN_UNINITIALIZED_AUTOS = YES_AGGRESSIVE;
				GCC_WARN_UNUSED_FUNCTION = YES;
				GCC_WARN_UNUSED_VARIABLE = YES;
				IPHONEOS_DEPLOYMENT_TARGET = 16.4;
				MTL_ENABLE_DEBUG_INFO = NO;
				MTL_FAST_MATH = YES;
				SDKROOT = iphoneos;
				SWIFT_COMPILATION_MODE = wholemodule;
				SWIFT_OPTIMIZATION_LEVEL = "-O";
				VALIDATE_PRODUCT = YES;
			};
			name = Release;
		};
		7C6649F72A04881200D22A9F /* Debug */ = {
			isa = XCBuildConfiguration;
			buildSettings = {
				ASSETCATALOG_COMPILER_APPICON_NAME = AppIcon;
				ASSETCATALOG_COMPILER_GLOBAL_ACCENT_COLOR_NAME = AccentColor;
				CODE_SIGN_STYLE = Automatic;
				CURRENT_PROJECT_VERSION = 1;
				GENERATE_INFOPLIST_FILE = YES;
				INFOPLIST_FILE = Assignment3/Info.plist;
				INFOPLIST_KEY_UIApplicationSupportsIndirectInputEvents = YES;
				INFOPLIST_KEY_UILaunchStoryboardName = LaunchScreen;
				INFOPLIST_KEY_UIMainStoryboardFile = Main;
				INFOPLIST_KEY_UISupportedInterfaceOrientations_iPad = "UIInterfaceOrientationPortrait UIInterfaceOrientationPortraitUpsideDown UIInterfaceOrientationLandscapeLeft UIInterfaceOrientationLandscapeRight";
				INFOPLIST_KEY_UISupportedInterfaceOrientations_iPhone = "UIInterfaceOrientationPortrait UIInterfaceOrientationLandscapeLeft UIInterfaceOrientationLandscapeRight";
				LD_RUNPATH_SEARCH_PATHS = (
					"$(inherited)",
					"@executable_path/Frameworks",
				);
				MARKETING_VERSION = 1.0;
				PRODUCT_BUNDLE_IDENTIFIER = uts.edu.au.Assignment3;
				PRODUCT_NAME = "$(TARGET_NAME)";
				SWIFT_EMIT_LOC_STRINGS = YES;
				SWIFT_VERSION = 5.0;
				TARGETED_DEVICE_FAMILY = "1,2";
			};
			name = Debug;
		};
		7C6649F82A04881200D22A9F /* Release */ = {
			isa = XCBuildConfiguration;
			buildSettings = {
				ASSETCATALOG_COMPILER_APPICON_NAME = AppIcon;
				ASSETCATALOG_COMPILER_GLOBAL_ACCENT_COLOR_NAME = AccentColor;
				CODE_SIGN_STYLE = Automatic;
				CURRENT_PROJECT_VERSION = 1;
				GENERATE_INFOPLIST_FILE = YES;
				INFOPLIST_FILE = Assignment3/Info.plist;
				INFOPLIST_KEY_UIApplicationSupportsIndirectInputEvents = YES;
				INFOPLIST_KEY_UILaunchStoryboardName = LaunchScreen;
				INFOPLIST_KEY_UIMainStoryboardFile = Main;
				INFOPLIST_KEY_UISupportedInterfaceOrientations_iPad = "UIInterfaceOrientationPortrait UIInterfaceOrientationPortraitUpsideDown UIInterfaceOrientationLandscapeLeft UIInterfaceOrientationLandscapeRight";
				INFOPLIST_KEY_UISupportedInterfaceOrientations_iPhone = "UIInterfaceOrientationPortrait UIInterfaceOrientationLandscapeLeft UIInterfaceOrientationLandscapeRight";
				LD_RUNPATH_SEARCH_PATHS = (
					"$(inherited)",
					"@executable_path/Frameworks",
				);
				MARKETING_VERSION = 1.0;
				PRODUCT_BUNDLE_IDENTIFIER = uts.edu.au.Assignment3;
				PRODUCT_NAME = "$(TARGET_NAME)";
				SWIFT_EMIT_LOC_STRINGS = YES;
				SWIFT_VERSION = 5.0;
				TARGETED_DEVICE_FAMILY = "1,2";
			};
			name = Release;
		};
		7C6649FA2A04881200D22A9F /* Debug */ = {
			isa = XCBuildConfiguration;
			buildSettings = {
				ALWAYS_EMBED_SWIFT_STANDARD_LIBRARIES = YES;
				BUNDLE_LOADER = "$(TEST_HOST)";
				CODE_SIGN_STYLE = Automatic;
				CURRENT_PROJECT_VERSION = 1;
				GENERATE_INFOPLIST_FILE = YES;
				IPHONEOS_DEPLOYMENT_TARGET = 16.4;
				MARKETING_VERSION = 1.0;
				PRODUCT_BUNDLE_IDENTIFIER = uts.edu.au.Assignment3Tests;
				PRODUCT_NAME = "$(TARGET_NAME)";
				SWIFT_EMIT_LOC_STRINGS = NO;
				SWIFT_VERSION = 5.0;
				TARGETED_DEVICE_FAMILY = "1,2";
				TEST_HOST = "$(BUILT_PRODUCTS_DIR)/Assignment3.app/$(BUNDLE_EXECUTABLE_FOLDER_PATH)/Assignment3";
			};
			name = Debug;
		};
		7C6649FB2A04881200D22A9F /* Release */ = {
			isa = XCBuildConfiguration;
			buildSettings = {
				ALWAYS_EMBED_SWIFT_STANDARD_LIBRARIES = YES;
				BUNDLE_LOADER = "$(TEST_HOST)";
				CODE_SIGN_STYLE = Automatic;
				CURRENT_PROJECT_VERSION = 1;
				GENERATE_INFOPLIST_FILE = YES;
				IPHONEOS_DEPLOYMENT_TARGET = 16.4;
				MARKETING_VERSION = 1.0;
				PRODUCT_BUNDLE_IDENTIFIER = uts.edu.au.Assignment3Tests;
				PRODUCT_NAME = "$(TARGET_NAME)";
				SWIFT_EMIT_LOC_STRINGS = NO;
				SWIFT_VERSION = 5.0;
				TARGETED_DEVICE_FAMILY = "1,2";
				TEST_HOST = "$(BUILT_PRODUCTS_DIR)/Assignment3.app/$(BUNDLE_EXECUTABLE_FOLDER_PATH)/Assignment3";
			};
			name = Release;
		};
		7C6649FD2A04881200D22A9F /* Debug */ = {
			isa = XCBuildConfiguration;
			buildSettings = {
				ALWAYS_EMBED_SWIFT_STANDARD_LIBRARIES = YES;
				CODE_SIGN_STYLE = Automatic;
				CURRENT_PROJECT_VERSION = 1;
				GENERATE_INFOPLIST_FILE = YES;
				MARKETING_VERSION = 1.0;
				PRODUCT_BUNDLE_IDENTIFIER = uts.edu.au.Assignment3UITests;
				PRODUCT_NAME = "$(TARGET_NAME)";
				SWIFT_EMIT_LOC_STRINGS = NO;
				SWIFT_VERSION = 5.0;
				TARGETED_DEVICE_FAMILY = "1,2";
				TEST_TARGET_NAME = Assignment3;
			};
			name = Debug;
		};
		7C6649FE2A04881200D22A9F /* Release */ = {
			isa = XCBuildConfiguration;
			buildSettings = {
				ALWAYS_EMBED_SWIFT_STANDARD_LIBRARIES = YES;
				CODE_SIGN_STYLE = Automatic;
				CURRENT_PROJECT_VERSION = 1;
				GENERATE_INFOPLIST_FILE = YES;
				MARKETING_VERSION = 1.0;
				PRODUCT_BUNDLE_IDENTIFIER = uts.edu.au.Assignment3UITests;
				PRODUCT_NAME = "$(TARGET_NAME)";
				SWIFT_EMIT_LOC_STRINGS = NO;
				SWIFT_VERSION = 5.0;
				TARGETED_DEVICE_FAMILY = "1,2";
				TEST_TARGET_NAME = Assignment3;
			};
			name = Release;
		};
/* End XCBuildConfiguration section */

/* Begin XCConfigurationList section */
		7C6649C42A04881100D22A9F /* Build configuration list for PBXProject "Assignment3" */ = {
			isa = XCConfigurationList;
			buildConfigurations = (
				7C6649F42A04881200D22A9F /* Debug */,
				7C6649F52A04881200D22A9F /* Release */,
			);
			defaultConfigurationIsVisible = 0;
			defaultConfigurationName = Release;
		};
		7C6649F62A04881200D22A9F /* Build configuration list for PBXNativeTarget "Assignment3" */ = {
			isa = XCConfigurationList;
			buildConfigurations = (
				7C6649F72A04881200D22A9F /* Debug */,
				7C6649F82A04881200D22A9F /* Release */,
			);
			defaultConfigurationIsVisible = 0;
			defaultConfigurationName = Release;
		};
		7C6649F92A04881200D22A9F /* Build configuration list for PBXNativeTarget "Assignment3Tests" */ = {
			isa = XCConfigurationList;
			buildConfigurations = (
				7C6649FA2A04881200D22A9F /* Debug */,
				7C6649FB2A04881200D22A9F /* Release */,
			);
			defaultConfigurationIsVisible = 0;
			defaultConfigurationName = Release;
		};
		7C6649FC2A04881200D22A9F /* Build configuration list for PBXNativeTarget "Assignment3UITests" */ = {
			isa = XCConfigurationList;
			buildConfigurations = (
				7C6649FD2A04881200D22A9F /* Debug */,
				7C6649FE2A04881200D22A9F /* Release */,
			);
			defaultConfigurationIsVisible = 0;
			defaultConfigurationName = Release;
		};
/* End XCConfigurationList section */

/* Begin XCVersionGroup section */
		7C6649D52A04881100D22A9F /* Assignment3.xcdatamodeld */ = {
			isa = XCVersionGroup;
			children = (
				7C6649D62A04881100D22A9F /* Assignment3.xcdatamodel */,
			);
			currentVersion = 7C6649D62A04881100D22A9F /* Assignment3.xcdatamodel */;
			path = Assignment3.xcdatamodeld;
			sourceTree = "<group>";
			versionGroupType = wrapper.xcdatamodel;
		};
/* End XCVersionGroup section */
	};
	rootObject = 7C6649C12A04881100D22A9F /* Project object */;
}
